
Microsoft Visual Studio Solution File, Format Version 12.00
# Visual Studio Version 17
VisualStudioVersion = 17.3.32819.101
MinimumVisualStudioVersion = 10.0.40219.1
Project("{FAE04EC0-301F-11D3-BF4B-00C04F79EFBC}") = "my-books", "my-books\my-books.csproj", "{1C3D5188-966F-44D2-AF4A-01CB8E0FF58D}"
EndProject
Global
	GlobalSection(SolutionConfigurationPlatforms) = preSolution
		Debug|Any CPU = Debug|Any CPU
		Release|Any CPU = Release|Any CPU
	EndGlobalSection
	GlobalSection(ProjectConfigurationPlatforms) = postSolution
		{1C3D5188-966F-44D2-AF4A-01CB8E0FF58D}.Debug|Any CPU.ActiveCfg = Debug|Any CPU
		{1C3D5188-966F-44D2-AF4A-01CB8E0FF58D}.Debug|Any CPU.Build.0 = Debug|Any CPU
		{1C3D5188-966F-44D2-AF4A-01CB8E0FF58D}.Release|Any CPU.ActiveCfg = Release|Any CPU
		{1C3D5188-966F-44D2-AF4A-01CB8E0FF58D}.Release|Any CPU.Build.0 = Release|Any CPU
	EndGlobalSection
	GlobalSection(SolutionProperties) = preSolution
		HideSolutionNode = FALSE
	EndGlobalSection
	GlobalSection(ExtensibilityGlobals) = postSolution
		SolutionGuid = {82217F17-4541-43FF-8A66-EDE54C9DD461}
	EndGlobalSection
EndGlobal
